
Microsoft Visual Studio Solution File, Format Version 12.00
# Visual Studio Version 16
VisualStudioVersion = 16.0.31205.134
MinimumVisualStudioVersion = 10.0.40219.1
Project("{FAE04EC0-301F-11D3-BF4B-00C04F79EFBC}") = "libreria", "libreria\libreria.csproj", "{80CCF0CC-51C7-46F9-BC50-DC6D5756569B}"
EndProject
Global
	GlobalSection(SolutionConfigurationPlatforms) = preSolution
		Debug|Any CPU = Debug|Any CPU
		Release|Any CPU = Release|Any CPU
	EndGlobalSection
	GlobalSection(ProjectConfigurationPlatforms) = postSolution
		{80CCF0CC-51C7-46F9-BC50-DC6D5756569B}.Debug|Any CPU.ActiveCfg = Debug|Any CPU
		{80CCF0CC-51C7-46F9-BC50-DC6D5756569B}.Debug|Any CPU.Build.0 = Debug|Any CPU
		{80CCF0CC-51C7-46F9-BC50-DC6D5756569B}.Release|Any CPU.ActiveCfg = Release|Any CPU
		{80CCF0CC-51C7-46F9-BC50-DC6D5756569B}.Release|Any CPU.Build.0 = Release|Any CPU
	EndGlobalSection
	GlobalSection(SolutionProperties) = preSolution
		HideSolutionNode = FALSE
	EndGlobalSection
	GlobalSection(ExtensibilityGlobals) = postSolution
		SolutionGuid = {A44AD06E-3653-48AF-B8BC-F7C414D996E2}
	EndGlobalSection
EndGlobal
